Microsoft Visual Studio Solution File, Format Version 11.00
# Visual Studio 2008

Project("{9B944631-44CD-D134-BEA8-89F8AFCF6798}") = "city_environment", "Assembly-CSharp.csproj", "{792E9152-E4C9-E6F0-2A7E-D1AFDD0AEBDD}"
EndProject
Project("{9B944631-44CD-D134-BEA8-89F8AFCF6798}") = "city_environment", "Assembly-CSharp-Editor.csproj", "{0D3C34B0-7617-5D47-3796-33EC77F41BC6}"
EndProject
Global
	GlobalSection(SolutionConfigurationPlatforms) = preSolution
		Debug|Any CPU = Debug|Any CPU
		Release|Any CPU = Release|Any CPU
	EndGlobalSection
	GlobalSection(ProjectConfigurationPlatforms) = postSolution
		{792E9152-E4C9-E6F0-2A7E-D1AFDD0AEBDD}.Debug|Any CPU.ActiveCfg = Debug|Any CPU
		{792E9152-E4C9-E6F0-2A7E-D1AFDD0AEBDD}.Debug|Any CPU.Build.0 = Debug|Any CPU
		{792E9152-E4C9-E6F0-2A7E-D1AFDD0AEBDD}.Release|Any CPU.ActiveCfg = Release|Any CPU
		{792E9152-E4C9-E6F0-2A7E-D1AFDD0AEBDD}.Release|Any CPU.Build.0 = Release|Any CPU
		{0D3C34B0-7617-5D47-3796-33EC77F41BC6}.Debug|Any CPU.ActiveCfg = Debug|Any CPU
		{0D3C34B0-7617-5D47-3796-33EC77F41BC6}.Debug|Any CPU.Build.0 = Debug|Any CPU
		{0D3C34B0-7617-5D47-3796-33EC77F41BC6}.Release|Any CPU.ActiveCfg = Release|Any CPU
		{0D3C34B0-7617-5D47-3796-33EC77F41BC6}.Release|Any CPU.Build.0 = Release|Any CPU
	EndGlobalSection
	GlobalSection(SolutionProperties) = preSolution
		HideSolutionNode = FALSE
	EndGlobalSection
																GlobalSection(MonoDevelopProperties) = preSolution
		StartupItem = Assembly-CSharp.csproj
		Policies = $0
		$0.TextStylePolicy = $1
		$1.inheritsSet = null
		$1.scope = text/x-csharp
		$0.CSharpFormattingPolicy = $2
		$2.inheritsSet = Mono
		$2.inheritsScope = text/x-csharp
		$2.scope = text/x-csharp
		$0.TextStylePolicy = $3
		$3.FileWidth = 120
		$3.TabWidth = 4
		$3.EolMarker = Unix
		$3.inheritsSet = Mono
		$3.inheritsScope = text/plain
		$3.scope = text/plain
	EndGlobalSection

EndGlobal
